// !$*UTF8*$!
{
	archiveVersion = 1;
	classes = {
	};
	objectVersion = 50;
	objects = {

/* Begin PBXBuildFile section */
		0BB2213720D8FB31009EBD29 /* TableViewDataSorce.swift in Sources */ = {isa = PBXBuildFile; fileRef = 0BB2213620D8FB31009EBD29 /* TableViewDataSorce.swift */; };
		0BB2213920D8FCDF009EBD29 /* MainViewModel.swift in Sources */ = {isa = PBXBuildFile; fileRef = 0BB2213820D8FCDF009EBD29 /* MainViewModel.swift */; };
		0BB2213C20DA3FE4009EBD29 /* RegistViewModel.swift in Sources */ = {isa = PBXBuildFile; fileRef = 0BB2213B20DA3FE4009EBD29 /* RegistViewModel.swift */; };
		0BB2214020DA43C5009EBD29 /* RegistPictureCell.swift in Sources */ = {isa = PBXBuildFile; fileRef = 0BB2213F20DA43C5009EBD29 /* RegistPictureCell.swift */; };
		0BB2214420DA496D009EBD29 /* T-shirt.png in Resources */ = {isa = PBXBuildFile; fileRef = 0BB2214320DA496C009EBD29 /* T-shirt.png */; };
		0BB2214820DA49E8009EBD29 /* RegistTableDataSorce.swift in Sources */ = {isa = PBXBuildFile; fileRef = 0BB2214720DA49E8009EBD29 /* RegistTableDataSorce.swift */; };
		0BB2214A20DA74CA009EBD29 /* PickerViewTestController.swift in Sources */ = {isa = PBXBuildFile; fileRef = 0BB2214920DA74CA009EBD29 /* PickerViewTestController.swift */; };
		0BB2214C20DA7525009EBD29 /* PickerTestView.swift in Sources */ = {isa = PBXBuildFile; fileRef = 0BB2214B20DA7525009EBD29 /* PickerTestView.swift */; };
		0BB2214E20DA7724009EBD29 /* PickerUtile.swift in Sources */ = {isa = PBXBuildFile; fileRef = 0BB2214D20DA7724009EBD29 /* PickerUtile.swift */; };
		0BB2215020DA7AE2009EBD29 /* PickerMainView.swift in Sources */ = {isa = PBXBuildFile; fileRef = 0BB2214F20DA7AE2009EBD29 /* PickerMainView.swift */; };
		0BB2215420DA97D5009EBD29 /* PickerExtensions.swift in Sources */ = {isa = PBXBuildFile; fileRef = 0BB2215320DA97D5009EBD29 /* PickerExtensions.swift */; };
		0BC39FA920B59D41008102CE /* AppDelegate.swift in Sources */ = {isa = PBXBuildFile; fileRef = 0BC39FA820B59D41008102CE /* AppDelegate.swift */; };
		0BC39FAB20B59D41008102CE /* ViewController.swift in Sources */ = {isa = PBXBuildFile; fileRef = 0BC39FAA20B59D41008102CE /* ViewController.swift */; };
		0BC39FB020B59D42008102CE /* Assets.xcassets in Resources */ = {isa = PBXBuildFile; fileRef = 0BC39FAF20B59D42008102CE /* Assets.xcassets */; };
		0BC39FBE20B59D42008102CE /* clothesSelectorTests.swift in Sources */ = {isa = PBXBuildFile; fileRef = 0BC39FBD20B59D42008102CE /* clothesSelectorTests.swift */; };
		0BC39FC920B59D42008102CE /* clothesSelectorUITests.swift in Sources */ = {isa = PBXBuildFile; fileRef = 0BC39FC820B59D42008102CE /* clothesSelectorUITests.swift */; };
		0BC39FDC20B59E81008102CE /* MainView.swift in Sources */ = {isa = PBXBuildFile; fileRef = 0BC39FDB20B59E81008102CE /* MainView.swift */; };
		0BC39FDE20B5A65C008102CE /* CameraUtile.swift in Sources */ = {isa = PBXBuildFile; fileRef = 0BC39FDD20B5A65C008102CE /* CameraUtile.swift */; };
		0BC39FE320B9986E008102CE /* RegistView.swift in Sources */ = {isa = PBXBuildFile; fileRef = 0BC39FE220B9986E008102CE /* RegistView.swift */; };
		0BC39FE520B998B3008102CE /* RegistController.swift in Sources */ = {isa = PBXBuildFile; fileRef = 0BC39FE420B998B3008102CE /* RegistController.swift */; };
		0BFCABB420DBEBF10033C97C /* DefaultAlert.swift in Sources */ = {isa = PBXBuildFile; fileRef = 0BFCABB320DBEBF10033C97C /* DefaultAlert.swift */; };
		0BFCABB620DBF5D70033C97C /* ErrorAlert.swift in Sources */ = {isa = PBXBuildFile; fileRef = 0BFCABB520DBF5D70033C97C /* ErrorAlert.swift */; };
		0BFCABB820DCE2D50033C97C /* MakeColorUtile.swift in Sources */ = {isa = PBXBuildFile; fileRef = 0BFCABB720DCE2D50033C97C /* MakeColorUtile.swift */; };
		0BFCABBB20DF69DD0033C97C /* RegistData.swift in Sources */ = {isa = PBXBuildFile; fileRef = 0BFCABBA20DF69DD0033C97C /* RegistData.swift */; };
		0BFCABBD20DF6B610033C97C /* AccessorBase.swift in Sources */ = {isa = PBXBuildFile; fileRef = 0BFCABBC20DF6B610033C97C /* AccessorBase.swift */; };
		0BFCABBF20DF6D280033C97C /* RegistAccessor.swift in Sources */ = {isa = PBXBuildFile; fileRef = 0BFCABBE20DF6D280033C97C /* RegistAccessor.swift */; };
		0BFCABC120DF6DCA0033C97C /* AccessorProtocol.swift in Sources */ = {isa = PBXBuildFile; fileRef = 0BFCABC020DF6DCA0033C97C /* AccessorProtocol.swift */; };
		0BFCABC320E5142C0033C97C /* UIImageExtension.swift in Sources */ = {isa = PBXBuildFile; fileRef = 0BFCABC220E5142C0033C97C /* UIImageExtension.swift */; };
		1D77472C558F8560AB70902E /* Pods_clothesSelectorUITests.framework in Frameworks */ = {isa = PBXBuildFile; fileRef = 7A9FF8C207BBAFF7C046C3EE /* Pods_clothesSelectorUITests.framework */; };
		C385D53402B081BD4AFD916D /* Pods_clothesSelector.framework in Frameworks */ = {isa = PBXBuildFile; fileRef = CFD5DE580C4DF72EFD73BFA7 /* Pods_clothesSelector.framework */; };
		EA84F3B7DD51EDA675DAB75D /* Pods_clothesSelectorTests.framework in Frameworks */ = {isa = PBXBuildFile; fileRef = 4453FD10FF413C6B36DDE0CA /* Pods_clothesSelectorTests.framework */; };
/* End PBXBuildFile section */

/* Begin PBXContainerItemProxy section */
		0BC39FBA20B59D42008102CE /* PBXContainerItemProxy */ = {
			isa = PBXContainerItemProxy;
			containerPortal = 0BC39F9D20B59D41008102CE /* Project object */;
			proxyType = 1;
			remoteGlobalIDString = 0BC39FA420B59D41008102CE;
			remoteInfo = clothesSelector;
		};
		0BC39FC520B59D42008102CE /* PBXContainerItemProxy */ = {
			isa = PBXContainerItemProxy;
			containerPortal = 0BC39F9D20B59D41008102CE /* Project object */;
			proxyType = 1;
			remoteGlobalIDString = 0BC39FA420B59D41008102CE;
			remoteInfo = clothesSelector;
		};
/* End PBXContainerItemProxy section */

/* Begin PBXFileReference section */
		03F65ED642A7FC63658EBA3C /* Pods-clothesSelectorTests.debug.xcconfig */ = {isa = PBXFileReference; includeInIndex = 1; lastKnownFileType = text.xcconfig; name = "Pods-clothesSelectorTests.debug.xcconfig"; path = "Pods/Target Support Files/Pods-clothesSelectorTests/Pods-clothesSelectorTests.debug.xcconfig"; sourceTree = "<group>"; };
		0BB2213620D8FB31009EBD29 /* TableViewDataSorce.swift */ = {isa = PBXFileReference; lastKnownFileType = sourcecode.swift; path = TableViewDataSorce.swift; sourceTree = "<group>"; };
		0BB2213820D8FCDF009EBD29 /* MainViewModel.swift */ = {isa = PBXFileReference; lastKnownFileType = sourcecode.swift; path = MainViewModel.swift; sourceTree = "<group>"; };
		0BB2213B20DA3FE4009EBD29 /* RegistViewModel.swift */ = {isa = PBXFileReference; lastKnownFileType = sourcecode.swift; path = RegistViewModel.swift; sourceTree = "<group>"; };
		0BB2213F20DA43C5009EBD29 /* RegistPictureCell.swift */ = {isa = PBXFileReference; lastKnownFileType = sourcecode.swift; path = RegistPictureCell.swift; sourceTree = "<group>"; };
		0BB2214320DA496C009EBD29 /* T-shirt.png */ = {isa = PBXFileReference; lastKnownFileType = image.png; name = "T-shirt.png"; path = "../../../Desktop/T-shirt.png"; sourceTree = "<group>"; };
		0BB2214720DA49E8009EBD29 /* RegistTableDataSorce.swift */ = {isa = PBXFileReference; lastKnownFileType = sourcecode.swift; path = RegistTableDataSorce.swift; sourceTree = "<group>"; };
		0BB2214920DA74CA009EBD29 /* PickerViewTestController.swift */ = {isa = PBXFileReference; lastKnownFileType = sourcecode.swift; path = PickerViewTestController.swift; sourceTree = "<group>"; };
		0BB2214B20DA7525009EBD29 /* PickerTestView.swift */ = {isa = PBXFileReference; lastKnownFileType = sourcecode.swift; path = PickerTestView.swift; sourceTree = "<group>"; };
		0BB2214D20DA7724009EBD29 /* PickerUtile.swift */ = {isa = PBXFileReference; lastKnownFileType = sourcecode.swift; path = PickerUtile.swift; sourceTree = "<group>"; };
		0BB2214F20DA7AE2009EBD29 /* PickerMainView.swift */ = {isa = PBXFileReference; lastKnownFileType = sourcecode.swift; path = PickerMainView.swift; sourceTree = "<group>"; };
		0BB2215320DA97D5009EBD29 /* PickerExtensions.swift */ = {isa = PBXFileReference; lastKnownFileType = sourcecode.swift; path = PickerExtensions.swift; sourceTree = "<group>"; };
		0BC39FA520B59D41008102CE /* clothesSelector.app */ = {isa = PBXFileReference; explicitFileType = wrapper.application; includeInIndex = 0; path = clothesSelector.app; sourceTree = BUILT_PRODUCTS_DIR; };
		0BC39FA820B59D41008102CE /* AppDelegate.swift */ = {isa = PBXFileReference; lastKnownFileType = sourcecode.swift; path = AppDelegate.swift; sourceTree = "<group>"; };
		0BC39FAA20B59D41008102CE /* ViewController.swift */ = {isa = PBXFileReference; lastKnownFileType = sourcecode.swift; path = ViewController.swift; sourceTree = "<group>"; };
		0BC39FAF20B59D42008102CE /* Assets.xcassets */ = {isa = PBXFileReference; lastKnownFileType = folder.assetcatalog; path = Assets.xcassets; sourceTree = "<group>"; };
		0BC39FB420B59D42008102CE /* Info.plist */ = {isa = PBXFileReference; lastKnownFileType = text.plist.xml; path = Info.plist; sourceTree = "<group>"; };
		0BC39FB920B59D42008102CE /* clothesSelectorTests.xctest */ = {isa = PBXFileReference; explicitFileType = wrapper.cfbundle; includeInIndex = 0; path = clothesSelectorTests.xctest; sourceTree = BUILT_PRODUCTS_DIR; };
		0BC39FBD20B59D42008102CE /* clothesSelectorTests.swift */ = {isa = PBXFileReference; lastKnownFileType = sourcecode.swift; path = clothesSelectorTests.swift; sourceTree = "<group>"; };
		0BC39FBF20B59D42008102CE /* Info.plist */ = {isa = PBXFileReference; lastKnownFileType = text.plist.xml; path = Info.plist; sourceTree = "<group>"; };
		0BC39FC420B59D42008102CE /* clothesSelectorUITests.xctest */ = {isa = PBXFileReference; explicitFileType = wrapper.cfbundle; includeInIndex = 0; path = clothesSelectorUITests.xctest; sourceTree = BUILT_PRODUCTS_DIR; };
		0BC39FC820B59D42008102CE /* clothesSelectorUITests.swift */ = {isa = PBXFileReference; lastKnownFileType = sourcecode.swift; path = clothesSelectorUITests.swift; sourceTree = "<group>"; };
		0BC39FCA20B59D42008102CE /* Info.plist */ = {isa = PBXFileReference; lastKnownFileType = text.plist.xml; path = Info.plist; sourceTree = "<group>"; };
		0BC39FDB20B59E81008102CE /* MainView.swift */ = {isa = PBXFileReference; lastKnownFileType = sourcecode.swift; path = MainView.swift; sourceTree = "<group>"; };
		0BC39FDD20B5A65C008102CE /* CameraUtile.swift */ = {isa = PBXFileReference; lastKnownFileType = sourcecode.swift; path = CameraUtile.swift; sourceTree = "<group>"; };
		0BC39FE220B9986E008102CE /* RegistView.swift */ = {isa = PBXFileReference; lastKnownFileType = sourcecode.swift; path = RegistView.swift; sourceTree = "<group>"; };
		0BC39FE420B998B3008102CE /* RegistController.swift */ = {isa = PBXFileReference; lastKnownFileType = sourcecode.swift; path = RegistController.swift; sourceTree = "<group>"; };
		0BFCABB320DBEBF10033C97C /* DefaultAlert.swift */ = {isa = PBXFileReference; lastKnownFileType = sourcecode.swift; path = DefaultAlert.swift; sourceTree = "<group>"; };
		0BFCABB520DBF5D70033C97C /* ErrorAlert.swift */ = {isa = PBXFileReference; lastKnownFileType = sourcecode.swift; path = ErrorAlert.swift; sourceTree = "<group>"; };
		0BFCABB720DCE2D50033C97C /* MakeColorUtile.swift */ = {isa = PBXFileReference; lastKnownFileType = sourcecode.swift; path = MakeColorUtile.swift; sourceTree = "<group>"; };
		0BFCABBA20DF69DD0033C97C /* RegistData.swift */ = {isa = PBXFileReference; lastKnownFileType = sourcecode.swift; path = RegistData.swift; sourceTree = "<group>"; };
		0BFCABBC20DF6B610033C97C /* AccessorBase.swift */ = {isa = PBXFileReference; lastKnownFileType = sourcecode.swift; path = AccessorBase.swift; sourceTree = "<group>"; };
		0BFCABBE20DF6D280033C97C /* RegistAccessor.swift */ = {isa = PBXFileReference; lastKnownFileType = sourcecode.swift; path = RegistAccessor.swift; sourceTree = "<group>"; };
		0BFCABC020DF6DCA0033C97C /* AccessorProtocol.swift */ = {isa = PBXFileReference; lastKnownFileType = sourcecode.swift; path = AccessorProtocol.swift; sourceTree = "<group>"; };
		0BFCABC220E5142C0033C97C /* UIImageExtension.swift */ = {isa = PBXFileReference; lastKnownFileType = sourcecode.swift; path = UIImageExtension.swift; sourceTree = "<group>"; };
		1699457DADF11CDEE8ED72C2 /* Pods-clothesSelectorUITests.debug.xcconfig */ = {isa = PBXFileReference; includeInIndex = 1; lastKnownFileType = text.xcconfig; name = "Pods-clothesSelectorUITests.debug.xcconfig"; path = "Pods/Target Support Files/Pods-clothesSelectorUITests/Pods-clothesSelectorUITests.debug.xcconfig"; sourceTree = "<group>"; };
		24D84CECA835C2FF0DF77F5F /* Pods-clothesSelector.debug.xcconfig */ = {isa = PBXFileReference; includeInIndex = 1; lastKnownFileType = text.xcconfig; name = "Pods-clothesSelector.debug.xcconfig"; path = "Pods/Target Support Files/Pods-clothesSelector/Pods-clothesSelector.debug.xcconfig"; sourceTree = "<group>"; };
		389B4E31E8212579ECDAA3D9 /* Pods-clothesSelectorUITests.release.xcconfig */ = {isa = PBXFileReference; includeInIndex = 1; lastKnownFileType = text.xcconfig; name = "Pods-clothesSelectorUITests.release.xcconfig"; path = "Pods/Target Support Files/Pods-clothesSelectorUITests/Pods-clothesSelectorUITests.release.xcconfig"; sourceTree = "<group>"; };
		4453FD10FF413C6B36DDE0CA /* Pods_clothesSelectorTests.framework */ = {isa = PBXFileReference; explicitFileType = wrapper.framework; includeInIndex = 0; path = Pods_clothesSelectorTests.framework; sourceTree = BUILT_PRODUCTS_DIR; };
		5DF626C6457A88F60F79E0CF /* Pods-clothesSelectorTests.release.xcconfig */ = {isa = PBXFileReference; includeInIndex = 1; lastKnownFileType = text.xcconfig; name = "Pods-clothesSelectorTests.release.xcconfig"; path = "Pods/Target Support Files/Pods-clothesSelectorTests/Pods-clothesSelectorTests.release.xcconfig"; sourceTree = "<group>"; };
		7A9FF8C207BBAFF7C046C3EE /* Pods_clothesSelectorUITests.framework */ = {isa = PBXFileReference; explicitFileType = wrapper.framework; includeInIndex = 0; path = Pods_clothesSelectorUITests.framework; sourceTree = BUILT_PRODUCTS_DIR; };
		CFD5DE580C4DF72EFD73BFA7 /* Pods_clothesSelector.framework */ = {isa = PBXFileReference; explicitFileType = wrapper.framework; includeInIndex = 0; path = Pods_clothesSelector.framework; sourceTree = BUILT_PRODUCTS_DIR; };
		E0A7BCEC42C020850A986368 /* Pods-clothesSelector.release.xcconfig */ = {isa = PBXFileReference; includeInIndex = 1; lastKnownFileType = text.xcconfig; name = "Pods-clothesSelector.release.xcconfig"; path = "Pods/Target Support Files/Pods-clothesSelector/Pods-clothesSelector.release.xcconfig"; sourceTree = "<group>"; };
/* End PBXFileReference section */

/* Begin PBXFrameworksBuildPhase section */
		0BC39FA220B59D41008102CE /* Frameworks */ = {
			isa = PBXFrameworksBuildPhase;
			buildActionMask = 2147483647;
			files = (
				C385D53402B081BD4AFD916D /* Pods_clothesSelector.framework in Frameworks */,
			);
			runOnlyForDeploymentPostprocessing = 0;
		};
		0BC39FB620B59D42008102CE /* Frameworks */ = {
			isa = PBXFrameworksBuildPhase;
			buildActionMask = 2147483647;
			files = (
				EA84F3B7DD51EDA675DAB75D /* Pods_clothesSelectorTests.framework in Frameworks */,
			);
			runOnlyForDeploymentPostprocessing = 0;
		};
		0BC39FC120B59D42008102CE /* Frameworks */ = {
			isa = PBXFrameworksBuildPhase;
			buildActionMask = 2147483647;
			files = (
				1D77472C558F8560AB70902E /* Pods_clothesSelectorUITests.framework in Frameworks */,
			);
			runOnlyForDeploymentPostprocessing = 0;
		};
/* End PBXFrameworksBuildPhase section */

/* Begin PBXGroup section */
		0BB2214520DA499A009EBD29 /* Main */ = {
			isa = PBXGroup;
			children = (
				0BB2213620D8FB31009EBD29 /* TableViewDataSorce.swift */,
				0BC39FDB20B59E81008102CE /* MainView.swift */,
				0BC39FAA20B59D41008102CE /* ViewController.swift */,
			);
			path = Main;
			sourceTree = "<group>";
		};
		0BB2214620DA49A3009EBD29 /* Regist */ = {
			isa = PBXGroup;
			children = (
				0BC39FE220B9986E008102CE /* RegistView.swift */,
				0BC39FE420B998B3008102CE /* RegistController.swift */,
				0BB2213F20DA43C5009EBD29 /* RegistPictureCell.swift */,
				0BB2214720DA49E8009EBD29 /* RegistTableDataSorce.swift */,
				0BB2215320DA97D5009EBD29 /* PickerExtensions.swift */,
			);
			path = Regist;
			sourceTree = "<group>";
		};
		0BC39F9C20B59D41008102CE = {
			isa = PBXGroup;
			children = (
				0BC39FA720B59D41008102CE /* clothesSelector */,
				0BC39FBC20B59D42008102CE /* clothesSelectorTests */,
				0BC39FC720B59D42008102CE /* clothesSelectorUITests */,
				0BC39FA620B59D41008102CE /* Products */,
				953D9FF8DCB1EE1844D31FB4 /* Pods */,
				99610ABFAE6DDCC8A680917C /* Frameworks */,
			);
			sourceTree = "<group>";
		};
		0BC39FA620B59D41008102CE /* Products */ = {
			isa = PBXGroup;
			children = (
				0BC39FA520B59D41008102CE /* clothesSelector.app */,
				0BC39FB920B59D42008102CE /* clothesSelectorTests.xctest */,
				0BC39FC420B59D42008102CE /* clothesSelectorUITests.xctest */,
			);
			name = Products;
			sourceTree = "<group>";
		};
		0BC39FA720B59D41008102CE /* clothesSelector */ = {
			isa = PBXGroup;
			children = (
				0BB2214320DA496C009EBD29 /* T-shirt.png */,
				0BC39FDF20B5A662008102CE /* Utile */,
				0BC39FDA20B59E62008102CE /* viewModel */,
				0BC39FD920B59E5C008102CE /* view */,
				0BC39FD820B59E4C008102CE /* model */,
				0BC39FA820B59D41008102CE /* AppDelegate.swift */,
				0BC39FAF20B59D42008102CE /* Assets.xcassets */,
				0BC39FB420B59D42008102CE /* Info.plist */,
			);
			path = clothesSelector;
			sourceTree = "<group>";
		};
		0BC39FBC20B59D42008102CE /* clothesSelectorTests */ = {
			isa = PBXGroup;
			children = (
				0BC39FBD20B59D42008102CE /* clothesSelectorTests.swift */,
				0BC39FBF20B59D42008102CE /* Info.plist */,
			);
			path = clothesSelectorTests;
			sourceTree = "<group>";
		};
		0BC39FC720B59D42008102CE /* clothesSelectorUITests */ = {
			isa = PBXGroup;
			children = (
				0BC39FC820B59D42008102CE /* clothesSelectorUITests.swift */,
				0BC39FCA20B59D42008102CE /* Info.plist */,
			);
			path = clothesSelectorUITests;
			sourceTree = "<group>";
		};
		0BC39FD820B59E4C008102CE /* model */ = {
			isa = PBXGroup;
			children = (
				0BFCABBA20DF69DD0033C97C /* RegistData.swift */,
				0BFCABBC20DF6B610033C97C /* AccessorBase.swift */,
				0BFCABBE20DF6D280033C97C /* RegistAccessor.swift */,
				0BFCABC020DF6DCA0033C97C /* AccessorProtocol.swift */,
			);
			path = model;
			sourceTree = "<group>";
		};
		0BC39FD920B59E5C008102CE /* view */ = {
			isa = PBXGroup;
			children = (
				0BB2214620DA49A3009EBD29 /* Regist */,
				0BB2214520DA499A009EBD29 /* Main */,
				0BB2214920DA74CA009EBD29 /* PickerViewTestController.swift */,
				0BB2214B20DA7525009EBD29 /* PickerTestView.swift */,
			);
			path = view;
			sourceTree = "<group>";
		};
		0BC39FDA20B59E62008102CE /* viewModel */ = {
			isa = PBXGroup;
			children = (
				0BB2213820D8FCDF009EBD29 /* MainViewModel.swift */,
				0BB2213B20DA3FE4009EBD29 /* RegistViewModel.swift */,
			);
			path = viewModel;
			sourceTree = "<group>";
		};
		0BC39FDF20B5A662008102CE /* Utile */ = {
			isa = PBXGroup;
			children = (
				0BFCABB920DCE4F70033C97C /* MakeColor */,
				0BC39FDD20B5A65C008102CE /* CameraUtile.swift */,
				0BB2214D20DA7724009EBD29 /* PickerUtile.swift */,
				0BB2214F20DA7AE2009EBD29 /* PickerMainView.swift */,
				0BFCABB320DBEBF10033C97C /* DefaultAlert.swift */,
				0BFCABB520DBF5D70033C97C /* ErrorAlert.swift */,
				0BFCABC220E5142C0033C97C /* UIImageExtension.swift */,
			);
			path = Utile;
			sourceTree = "<group>";
		};
		0BFCABB920DCE4F70033C97C /* MakeColor */ = {
			isa = PBXGroup;
			children = (
				0BFCABB720DCE2D50033C97C /* MakeColorUtile.swift */,
			);
			path = MakeColor;
			sourceTree = "<group>";
		};
		953D9FF8DCB1EE1844D31FB4 /* Pods */ = {
			isa = PBXGroup;
			children = (
				24D84CECA835C2FF0DF77F5F /* Pods-clothesSelector.debug.xcconfig */,
				E0A7BCEC42C020850A986368 /* Pods-clothesSelector.release.xcconfig */,
				03F65ED642A7FC63658EBA3C /* Pods-clothesSelectorTests.debug.xcconfig */,
				5DF626C6457A88F60F79E0CF /* Pods-clothesSelectorTests.release.xcconfig */,
				1699457DADF11CDEE8ED72C2 /* Pods-clothesSelectorUITests.debug.xcconfig */,
				389B4E31E8212579ECDAA3D9 /* Pods-clothesSelectorUITests.release.xcconfig */,
			);
			name = Pods;
			sourceTree = "<group>";
		};
		99610ABFAE6DDCC8A680917C /* Frameworks */ = {
			isa = PBXGroup;
			children = (
				CFD5DE580C4DF72EFD73BFA7 /* Pods_clothesSelector.framework */,
				4453FD10FF413C6B36DDE0CA /* Pods_clothesSelectorTests.framework */,
				7A9FF8C207BBAFF7C046C3EE /* Pods_clothesSelectorUITests.framework */,
			);
			name = Frameworks;
			sourceTree = "<group>";
		};
/* End PBXGroup section */

/* Begin PBXNativeTarget section */
		0BC39FA420B59D41008102CE /* clothesSelector */ = {
			isa = PBXNativeTarget;
			buildConfigurationList = 0BC39FCD20B59D42008102CE /* Build configuration list for PBXNativeTarget "clothesSelector" */;
			buildPhases = (
				AE44CC5AD1C3A14668CE6D05 /* [CP] Check Pods Manifest.lock */,
				0BC39FA120B59D41008102CE /* Sources */,
				0BC39FA220B59D41008102CE /* Frameworks */,
				0BC39FA320B59D41008102CE /* Resources */,
				3C8A627E7E9DB04CD21595DD /* [CP] Embed Pods Frameworks */,
			);
			buildRules = (
			);
			dependencies = (
			);
			name = clothesSelector;
			productName = clothesSelector;
			productReference = 0BC39FA520B59D41008102CE /* clothesSelector.app */;
			productType = "com.apple.product-type.application";
		};
		0BC39FB820B59D42008102CE /* clothesSelectorTests */ = {
			isa = PBXNativeTarget;
			buildConfigurationList = 0BC39FD020B59D42008102CE /* Build configuration list for PBXNativeTarget "clothesSelectorTests" */;
			buildPhases = (
				88E5FDF672057A3C564820F5 /* [CP] Check Pods Manifest.lock */,
				0BC39FB520B59D42008102CE /* Sources */,
				0BC39FB620B59D42008102CE /* Frameworks */,
				0BC39FB720B59D42008102CE /* Resources */,
			);
			buildRules = (
			);
			dependencies = (
				0BC39FBB20B59D42008102CE /* PBXTargetDependency */,
			);
			name = clothesSelectorTests;
			productName = clothesSelectorTests;
			productReference = 0BC39FB920B59D42008102CE /* clothesSelectorTests.xctest */;
			productType = "com.apple.product-type.bundle.unit-test";
		};
		0BC39FC320B59D42008102CE /* clothesSelectorUITests */ = {
			isa = PBXNativeTarget;
			buildConfigurationList = 0BC39FD320B59D42008102CE /* Build configuration list for PBXNativeTarget "clothesSelectorUITests" */;
			buildPhases = (
				0C5C253673189ED08E93D6EA /* [CP] Check Pods Manifest.lock */,
				0BC39FC020B59D42008102CE /* Sources */,
				0BC39FC120B59D42008102CE /* Frameworks */,
				0BC39FC220B59D42008102CE /* Resources */,
			);
			buildRules = (
			);
			dependencies = (
				0BC39FC620B59D42008102CE /* PBXTargetDependency */,
			);
			name = clothesSelectorUITests;
			productName = clothesSelectorUITests;
			productReference = 0BC39FC420B59D42008102CE /* clothesSelectorUITests.xctest */;
			productType = "com.apple.product-type.bundle.ui-testing";
		};
/* End PBXNativeTarget section */

/* Begin PBXProject section */
		0BC39F9D20B59D41008102CE /* Project object */ = {
			isa = PBXProject;
			attributes = {
				LastSwiftUpdateCheck = 0930;
				LastUpgradeCheck = 0930;
				ORGANIZATIONNAME = yoshino;
				TargetAttributes = {
					0BC39FA420B59D41008102CE = {
						CreatedOnToolsVersion = 9.3.1;
					};
					0BC39FB820B59D42008102CE = {
						CreatedOnToolsVersion = 9.3.1;
						TestTargetID = 0BC39FA420B59D41008102CE;
					};
					0BC39FC320B59D42008102CE = {
						CreatedOnToolsVersion = 9.3.1;
						TestTargetID = 0BC39FA420B59D41008102CE;
					};
				};
			};
			buildConfigurationList = 0BC39FA020B59D41008102CE /* Build configuration list for PBXProject "clothesSelector" */;
			compatibilityVersion = "Xcode 9.3";
			developmentRegion = en;
			hasScannedForEncodings = 0;
			knownRegions = (
				en,
				Base,
			);
			mainGroup = 0BC39F9C20B59D41008102CE;
			productRefGroup = 0BC39FA620B59D41008102CE /* Products */;
			projectDirPath = "";
			projectRoot = "";
			targets = (
				0BC39FA420B59D41008102CE /* clothesSelector */,
				0BC39FB820B59D42008102CE /* clothesSelectorTests */,
				0BC39FC320B59D42008102CE /* clothesSelectorUITests */,
			);
		};
/* End PBXProject section */

/* Begin PBXResourcesBuildPhase section */
		0BC39FA320B59D41008102CE /* Resources */ = {
			isa = PBXResourcesBuildPhase;
			buildActionMask = 2147483647;
			files = (
				0BC39FB020B59D42008102CE /* Assets.xcassets in Resources */,
				0BB2214420DA496D009EBD29 /* T-shirt.png in Resources */,
			);
			runOnlyForDeploymentPostprocessing = 0;
		};
		0BC39FB720B59D42008102CE /* Resources */ = {
			isa = PBXResourcesBuildPhase;
			buildActionMask = 2147483647;
			files = (
			);
			runOnlyForDeploymentPostprocessing = 0;
		};
		0BC39FC220B59D42008102CE /* Resources */ = {
			isa = PBXResourcesBuildPhase;
			buildActionMask = 2147483647;
			files = (
			);
			runOnlyForDeploymentPostprocessing = 0;
		};
/* End PBXResourcesBuildPhase section */

/* Begin PBXShellScriptBuildPhase section */
		0C5C253673189ED08E93D6EA /* [CP] Check Pods Manifest.lock */ = {
			isa = PBXShellScriptBuildPhase;
			buildActionMask = 2147483647;
			files = (
			);
			inputPaths = (
				"${PODS_PODFILE_DIR_PATH}/Podfile.lock",
				"${PODS_ROOT}/Manifest.lock",
			);
			name = "[CP] Check Pods Manifest.lock";
			outputPaths = (
				"$(DERIVED_FILE_DIR)/Pods-clothesSelectorUITests-checkManifestLockResult.txt",
			);
			runOnlyForDeploymentPostprocessing = 0;
			shellPath = /bin/sh;
			shellScript = "diff \"${PODS_PODFILE_DIR_PATH}/Podfile.lock\" \"${PODS_ROOT}/Manifest.lock\" > /dev/null\nif [ $? != 0 ] ; then\n    # print error to STDERR\n    echo \"error: The sandbox is not in sync with the Podfile.lock. Run 'pod install' or update your CocoaPods installation.\" >&2\n    exit 1\nfi\n# This output is used by Xcode 'outputs' to avoid re-running this script phase.\necho \"SUCCESS\" > \"${SCRIPT_OUTPUT_FILE_0}\"\n";
			showEnvVarsInLog = 0;
		};
		3C8A627E7E9DB04CD21595DD /* [CP] Embed Pods Frameworks */ = {
			isa = PBXShellScriptBuildPhase;
			buildActionMask = 2147483647;
			files = (
			);
			inputPaths = (
				"${SRCROOT}/Pods/Target Support Files/Pods-clothesSelector/Pods-clothesSelector-frameworks.sh",
				"${BUILT_PRODUCTS_DIR}/Realm/Realm.framework",
				"${BUILT_PRODUCTS_DIR}/RealmSwift/RealmSwift.framework",
				"${BUILT_PRODUCTS_DIR}/RxCocoa/RxCocoa.framework",
				"${BUILT_PRODUCTS_DIR}/RxSwift/RxSwift.framework",
				"${BUILT_PRODUCTS_DIR}/SnapKit/SnapKit.framework",
			);
			name = "[CP] Embed Pods Frameworks";
			outputPaths = (
				"${TARGET_BUILD_DIR}/${FRAMEWORKS_FOLDER_PATH}/Realm.framework",
				"${TARGET_BUILD_DIR}/${FRAMEWORKS_FOLDER_PATH}/RealmSwift.framework",
				"${TARGET_BUILD_DIR}/${FRAMEWORKS_FOLDER_PATH}/RxCocoa.framework",
				"${TARGET_BUILD_DIR}/${FRAMEWORKS_FOLDER_PATH}/RxSwift.framework",
				"${TARGET_BUILD_DIR}/${FRAMEWORKS_FOLDER_PATH}/SnapKit.framework",
			);
			runOnlyForDeploymentPostprocessing = 0;
			shellPath = /bin/sh;
			shellScript = "\"${SRCROOT}/Pods/Target Support Files/Pods-clothesSelector/Pods-clothesSelector-frameworks.sh\"\n";
			showEnvVarsInLog = 0;
		};
		88E5FDF672057A3C564820F5 /* [CP] Check Pods Manifest.lock */ = {
			isa = PBXShellScriptBuildPhase;
			buildActionMask = 2147483647;
			files = (
			);
			inputPaths = (
				"${PODS_PODFILE_DIR_PATH}/Podfile.lock",
				"${PODS_ROOT}/Manifest.lock",
			);
			name = "[CP] Check Pods Manifest.lock";
			outputPaths = (
				"$(DERIVED_FILE_DIR)/Pods-clothesSelectorTests-checkManifestLockResult.txt",
			);
			runOnlyForDeploymentPostprocessing = 0;
			shellPath = /bin/sh;
			shellScript = "diff \"${PODS_PODFILE_DIR_PATH}/Podfile.lock\" \"${PODS_ROOT}/Manifest.lock\" > /dev/null\nif [ $? != 0 ] ; then\n    # print error to STDERR\n    echo \"error: The sandbox is not in sync with the Podfile.lock. Run 'pod install' or update your CocoaPods installation.\" >&2\n    exit 1\nfi\n# This output is used by Xcode 'outputs' to avoid re-running this script phase.\necho \"SUCCESS\" > \"${SCRIPT_OUTPUT_FILE_0}\"\n";
			showEnvVarsInLog = 0;
		};
		AE44CC5AD1C3A14668CE6D05 /* [CP] Check Pods Manifest.lock */ = {
			isa = PBXShellScriptBuildPhase;
			buildActionMask = 2147483647;
			files = (
			);
			inputPaths = (
				"${PODS_PODFILE_DIR_PATH}/Podfile.lock",
				"${PODS_ROOT}/Manifest.lock",
			);
			name = "[CP] Check Pods Manifest.lock";
			outputPaths = (
				"$(DERIVED_FILE_DIR)/Pods-clothesSelector-checkManifestLockResult.txt",
			);
			runOnlyForDeploymentPostprocessing = 0;
			shellPath = /bin/sh;
			shellScript = "diff \"${PODS_PODFILE_DIR_PATH}/Podfile.lock\" \"${PODS_ROOT}/Manifest.lock\" > /dev/null\nif [ $? != 0 ] ; then\n    # print error to STDERR\n    echo \"error: The sandbox is not in sync with the Podfile.lock. Run 'pod install' or update your CocoaPods installation.\" >&2\n    exit 1\nfi\n# This output is used by Xcode 'outputs' to avoid re-running this script phase.\necho \"SUCCESS\" > \"${SCRIPT_OUTPUT_FILE_0}\"\n";
			showEnvVarsInLog = 0;
		};
/* End PBXShellScriptBuildPhase section */

/* Begin PBXSourcesBuildPhase section */
		0BC39FA120B59D41008102CE /* Sources */ = {
			isa = PBXSourcesBuildPhase;
			buildActionMask = 2147483647;
			files = (
				0BC39FDE20B5A65C008102CE /* CameraUtile.swift in Sources */,
				0BB2214E20DA7724009EBD29 /* PickerUtile.swift in Sources */,
				0BB2214820DA49E8009EBD29 /* RegistTableDataSorce.swift in Sources */,
				0BFCABBB20DF69DD0033C97C /* RegistData.swift in Sources */,
				0BFCABC120DF6DCA0033C97C /* AccessorProtocol.swift in Sources */,
				0BB2214C20DA7525009EBD29 /* PickerTestView.swift in Sources */,
				0BB2215420DA97D5009EBD29 /* PickerExtensions.swift in Sources */,
				0BB2214A20DA74CA009EBD29 /* PickerViewTestController.swift in Sources */,
				0BC39FAB20B59D41008102CE /* ViewController.swift in Sources */,
				0BC39FDC20B59E81008102CE /* MainView.swift in Sources */,
				0BB2213720D8FB31009EBD29 /* TableViewDataSorce.swift in Sources */,
				0BB2213920D8FCDF009EBD29 /* MainViewModel.swift in Sources */,
				0BC39FE320B9986E008102CE /* RegistView.swift in Sources */,
				0BFCABBD20DF6B610033C97C /* AccessorBase.swift in Sources */,
				0BB2215020DA7AE2009EBD29 /* PickerMainView.swift in Sources */,
				0BFCABB420DBEBF10033C97C /* DefaultAlert.swift in Sources */,
				0BFCABB620DBF5D70033C97C /* ErrorAlert.swift in Sources */,
				0BB2213C20DA3FE4009EBD29 /* RegistViewModel.swift in Sources */,
				0BC39FE520B998B3008102CE /* RegistController.swift in Sources */,
				0BB2214020DA43C5009EBD29 /* RegistPictureCell.swift in Sources */,
				0BFCABB820DCE2D50033C97C /* MakeColorUtile.swift in Sources */,
				0BFCABBF20DF6D280033C97C /* RegistAccessor.swift in Sources */,
				0BC39FA920B59D41008102CE /* AppDelegate.swift in Sources */,
				0BFCABC320E5142C0033C97C /* UIImageExtension.swift in Sources */,
			);
			runOnlyForDeploymentPostprocessing = 0;
		};
		0BC39FB520B59D42008102CE /* Sources */ = {
			isa = PBXSourcesBuildPhase;
			buildActionMask = 2147483647;
			files = (
				0BC39FBE20B59D42008102CE /* clothesSelectorTests.swift in Sources */,
			);
			runOnlyForDeploymentPostprocessing = 0;
		};
		0BC39FC020B59D42008102CE /* Sources */ = {
			isa = PBXSourcesBuildPhase;
			buildActionMask = 2147483647;
			files = (
				0BC39FC920B59D42008102CE /* clothesSelectorUITests.swift in Sources */,
			);
			runOnlyForDeploymentPostprocessing = 0;
		};
/* End PBXSourcesBuildPhase section */

/* Begin PBXTargetDependency section */
		0BC39FBB20B59D42008102CE /* PBXTargetDependency */ = {
			isa = PBXTargetDependency;
			target = 0BC39FA420B59D41008102CE /* clothesSelector */;
			targetProxy = 0BC39FBA20B59D42008102CE /* PBXContainerItemProxy */;
		};
		0BC39FC620B59D42008102CE /* PBXTargetDependency */ = {
			isa = PBXTargetDependency;
			target = 0BC39FA420B59D41008102CE /* clothesSelector */;
			targetProxy = 0BC39FC520B59D42008102CE /* PBXContainerItemProxy */;
		};
/* End PBXTargetDependency section */

/* Begin XCBuildConfiguration section */
		0BC39FCB20B59D42008102CE /* Debug */ = {
			isa = XCBuildConfiguration;
			buildSettings = {
				ALWAYS_SEARCH_USER_PATHS = NO;
				CLANG_ANALYZER_NONNULL = YES;
				CLANG_ANALYZER_NUMBER_OBJECT_CONVERSION = YES_AGGRESSIVE;
				CLANG_CXX_LANGUAGE_STANDARD = "gnu++14";
				CLANG_CXX_LIBRARY = "libc++";
				CLANG_ENABLE_MODULES = YES;
				CLANG_ENABLE_OBJC_ARC = YES;
				CLANG_ENABLE_OBJC_WEAK = YES;
				CLANG_WARN_BLOCK_CAPTURE_AUTORELEASING = YES;
				CLANG_WARN_BOOL_CONVERSION = YES;
				CLANG_WARN_COMMA = YES;
				CLANG_WARN_CONSTANT_CONVERSION = YES;
				CLANG_WARN_DEPRECATED_OBJC_IMPLEMENTATIONS = YES;
				CLANG_WARN_DIRECT_OBJC_ISA_USAGE = YES_ERROR;
				CLANG_WARN_DOCUMENTATION_COMMENTS = YES;
				CLANG_WARN_EMPTY_BODY = YES;
				CLANG_WARN_ENUM_CONVERSION = YES;
				CLANG_WARN_INFINITE_RECURSION = YES;
				CLANG_WARN_INT_CONVERSION = YES;
				CLANG_WARN_NON_LITERAL_NULL_CONVERSION = YES;
				CLANG_WARN_OBJC_IMPLICIT_RETAIN_SELF = YES;
				CLANG_WARN_OBJC_LITERAL_CONVERSION = YES;
				CLANG_WARN_OBJC_ROOT_CLASS = YES_ERROR;
				CLANG_WARN_RANGE_LOOP_ANALYSIS = YES;
				CLANG_WARN_STRICT_PROTOTYPES = YES;
				CLANG_WARN_SUSPICIOUS_MOVE = YES;
				CLANG_WARN_UNGUARDED_AVAILABILITY = YES_AGGRESSIVE;
				CLANG_WARN_UNREACHABLE_CODE = YES;
				CLANG_WARN__DUPLICATE_METHOD_MATCH = YES;
				CODE_SIGN_IDENTITY = "iPhone Developer";
				COPY_PHASE_STRIP = NO;
				DEBUG_INFORMATION_FORMAT = dwarf;
				ENABLE_STRICT_OBJC_MSGSEND = YES;
				ENABLE_TESTABILITY = YES;
				GCC_C_LANGUAGE_STANDARD = gnu11;
				GCC_DYNAMIC_NO_PIC = NO;
				GCC_NO_COMMON_BLOCKS = YES;
				GCC_OPTIMIZATION_LEVEL = 0;
				GCC_PREPROCESSOR_DEFINITIONS = (
					"DEBUG=1",
					"$(inherited)",
				);
				GCC_WARN_64_TO_32_BIT_CONVERSION = YES;
				GCC_WARN_ABOUT_RETURN_TYPE = YES_ERROR;
				GCC_WARN_UNDECLARED_SELECTOR = YES;
				GCC_WARN_UNINITIALIZED_AUTOS = YES_AGGRESSIVE;
				GCC_WARN_UNUSED_FUNCTION = YES;
				GCC_WARN_UNUSED_VARIABLE = YES;
				IPHONEOS_DEPLOYMENT_TARGET = 11.3;
				MTL_ENABLE_DEBUG_INFO = YES;
				ONLY_ACTIVE_ARCH = YES;
				SDKROOT = iphoneos;
				SWIFT_ACTIVE_COMPILATION_CONDITIONS = DEBUG;
				SWIFT_OPTIMIZATION_LEVEL = "-Onone";
			};
			name = Debug;
		};
		0BC39FCC20B59D42008102CE /* Release */ = {
			isa = XCBuildConfiguration;
			buildSettings = {
				ALWAYS_SEARCH_USER_PATHS = NO;
				CLANG_ANALYZER_NONNULL = YES;
				CLANG_ANALYZER_NUMBER_OBJECT_CONVERSION = YES_AGGRESSIVE;
				CLANG_CXX_LANGUAGE_STANDARD = "gnu++14";
				CLANG_CXX_LIBRARY = "libc++";
				CLANG_ENABLE_MODULES = YES;
				CLANG_ENABLE_OBJC_ARC = YES;
				CLANG_ENABLE_OBJC_WEAK = YES;
				CLANG_WARN_BLOCK_CAPTURE_AUTORELEASING = YES;
				CLANG_WARN_BOOL_CONVERSION = YES;
				CLANG_WARN_COMMA = YES;
				CLANG_WARN_CONSTANT_CONVERSION = YES;
				CLANG_WARN_DEPRECATED_OBJC_IMPLEMENTATIONS = YES;
				CLANG_WARN_DIRECT_OBJC_ISA_USAGE = YES_ERROR;
				CLANG_WARN_DOCUMENTATION_COMMENTS = YES;
				CLANG_WARN_EMPTY_BODY = YES;
				CLANG_WARN_ENUM_CONVERSION = YES;
				CLANG_WARN_INFINITE_RECURSION = YES;
				CLANG_WARN_INT_CONVERSION = YES;
				CLANG_WARN_NON_LITERAL_NULL_CONVERSION = YES;
				CLANG_WARN_OBJC_IMPLICIT_RETAIN_SELF = YES;
				CLANG_WARN_OBJC_LITERAL_CONVERSION = YES;
				CLANG_WARN_OBJC_ROOT_CLASS = YES_ERROR;
				CLANG_WARN_RANGE_LOOP_ANALYSIS = YES;
				CLANG_WARN_STRICT_PROTOTYPES = YES;
				CLANG_WARN_SUSPICIOUS_MOVE = YES;
				CLANG_WARN_UNGUARDED_AVAILABILITY = YES_AGGRESSIVE;
				CLANG_WARN_UNREACHABLE_CODE = YES;
				CLANG_WARN__DUPLICATE_METHOD_MATCH = YES;
				CODE_SIGN_IDENTITY = "iPhone Developer";
				COPY_PHASE_STRIP = NO;
				DEBUG_INFORMATION_FORMAT = "dwarf-with-dsym";
				ENABLE_NS_ASSERTIONS = NO;
				ENABLE_STRICT_OBJC_MSGSEND = YES;
				GCC_C_LANGUAGE_STANDARD = gnu11;
				GCC_NO_COMMON_BLOCKS = YES;
				GCC_WARN_64_TO_32_BIT_CONVERSION = YES;
				GCC_WARN_ABOUT_RETURN_TYPE = YES_ERROR;
				GCC_WARN_UNDECLARED_SELECTOR = YES;
				GCC_WARN_UNINITIALIZED_AUTOS = YES_AGGRESSIVE;
				GCC_WARN_UNUSED_FUNCTION = YES;
				GCC_WARN_UNUSED_VARIABLE = YES;
				IPHONEOS_DEPLOYMENT_TARGET = 11.3;
				MTL_ENABLE_DEBUG_INFO = NO;
				SDKROOT = iphoneos;
				SWIFT_COMPILATION_MODE = wholemodule;
				SWIFT_OPTIMIZATION_LEVEL = "-O";
				VALIDATE_PRODUCT = YES;
			};
			name = Release;
		};
		0BC39FCE20B59D42008102CE /* Debug */ = {
			isa = XCBuildConfiguration;
			baseConfigurationReference = 24D84CECA835C2FF0DF77F5F /* Pods-clothesSelector.debug.xcconfig */;
			buildSettings = {
				ASSETCATALOG_COMPILER_APPICON_NAME = AppIcon;
				CODE_SIGN_STYLE = Automatic;
				DEVELOPMENT_TEAM = 24435CS59T;
				INFOPLIST_FILE = clothesSelector/Info.plist;
				LD_RUNPATH_SEARCH_PATHS = (
					"$(inherited)",
					"@executable_path/Frameworks",
				);
				PRODUCT_BUNDLE_IDENTIFIER = yoshino.clothesSelector;
				PRODUCT_NAME = "$(TARGET_NAME)";
				SWIFT_VERSION = 4.0;
				TARGETED_DEVICE_FAMILY = "1,2";
			};
			name = Debug;
		};
		0BC39FCF20B59D42008102CE /* Release */ = {
			isa = XCBuildConfiguration;
			baseConfigurationReference = E0A7BCEC42C020850A986368 /* Pods-clothesSelector.release.xcconfig */;
			buildSettings = {
				ASSETCATALOG_COMPILER_APPICON_NAME = AppIcon;
				CODE_SIGN_STYLE = Automatic;
				DEVELOPMENT_TEAM = 24435CS59T;
				INFOPLIST_FILE = clothesSelector/Info.plist;
				LD_RUNPATH_SEARCH_PATHS = (
					"$(inherited)",
					"@executable_path/Frameworks",
				);
				PRODUCT_BUNDLE_IDENTIFIER = yoshino.clothesSelector;
				PRODUCT_NAME = "$(TARGET_NAME)";
				SWIFT_VERSION = 4.0;
				TARGETED_DEVICE_FAMILY = "1,2";
			};
			name = Release;
		};
		0BC39FD120B59D42008102CE /* Debug */ = {
			isa = XCBuildConfiguration;
			baseConfigurationReference = 03F65ED642A7FC63658EBA3C /* Pods-clothesSelectorTests.debug.xcconfig */;
			buildSettings = {
				ALWAYS_EMBED_SWIFT_STANDARD_LIBRARIES = YES;
				BUNDLE_LOADER = "$(TEST_HOST)";
				CODE_SIGN_STYLE = Automatic;
				DEVELOPMENT_TEAM = 24435CS59T;
				INFOPLIST_FILE = clothesSelectorTests/Info.plist;
				LD_RUNPATH_SEARCH_PATHS = (
					"$(inherited)",
					"@executable_path/Frameworks",
					"@loader_path/Frameworks",
				);
				PRODUCT_BUNDLE_IDENTIFIER = yoshino.clothesSelectorTests;
				PRODUCT_NAME = "$(TARGET_NAME)";
				SWIFT_VERSION = 4.0;
				TARGETED_DEVICE_FAMILY = "1,2";
				TEST_HOST = "$(BUILT_PRODUCTS_DIR)/clothesSelector.app/clothesSelector";
			};
			name = Debug;
		};
		0BC39FD220B59D42008102CE /* Release */ = {
			isa = XCBuildConfiguration;
			baseConfigurationReference = 5DF626C6457A88F60F79E0CF /* Pods-clothesSelectorTests.release.xcconfig */;
			buildSettings = {
				ALWAYS_EMBED_SWIFT_STANDARD_LIBRARIES = YES;
				BUNDLE_LOADER = "$(TEST_HOST)";
				CODE_SIGN_STYLE = Automatic;
				DEVELOPMENT_TEAM = 24435CS59T;
				INFOPLIST_FILE = clothesSelectorTests/Info.plist;
				LD_RUNPATH_SEARCH_PATHS = (
					"$(inherited)",
					"@executable_path/Frameworks",
					"@loader_path/Frameworks",
				);
				PRODUCT_BUNDLE_IDENTIFIER = yoshino.clothesSelectorTests;
				PRODUCT_NAME = "$(TARGET_NAME)";
				SWIFT_VERSION = 4.0;
				TARGETED_DEVICE_FAMILY = "1,2";
				TEST_HOST = "$(BUILT_PRODUCTS_DIR)/clothesSelector.app/clothesSelector";
			};
			name = Release;
		};
		0BC39FD420B59D42008102CE /* Debug */ = {
			isa = XCBuildConfiguration;
			baseConfigurationReference = 1699457DADF11CDEE8ED72C2 /* Pods-clothesSelectorUITests.debug.xcconfig */;
			buildSettings = {
				ALWAYS_EMBED_SWIFT_STANDARD_LIBRARIES = YES;
				CODE_SIGN_STYLE = Automatic;
				DEVELOPMENT_TEAM = 24435CS59T;
				INFOPLIST_FILE = clothesSelectorUITests/Info.plist;
				LD_RUNPATH_SEARCH_PATHS = (
					"$(inherited)",
					"@executable_path/Frameworks",
					"@loader_path/Frameworks",
				);
				PRODUCT_BUNDLE_IDENTIFIER = yoshino.clothesSelectorUITests;
				PRODUCT_NAME = "$(TARGET_NAME)";
				SWIFT_VERSION = 4.0;
				TARGETED_DEVICE_FAMILY = "1,2";
				TEST_TARGET_NAME = clothesSelector;
			};
			name = Debug;
		};
		0BC39FD520B59D42008102CE /* Release */ = {
			isa = XCBuildConfiguration;
			baseConfigurationReference = 389B4E31E8212579ECDAA3D9 /* Pods-clothesSelectorUITests.release.xcconfig */;
			buildSettings = {
				ALWAYS_EMBED_SWIFT_STANDARD_LIBRARIES = YES;
				CODE_SIGN_STYLE = Automatic;
				DEVELOPMENT_TEAM = 24435CS59T;
				INFOPLIST_FILE = clothesSelectorUITests/Info.plist;
				LD_RUNPATH_SEARCH_PATHS = (
					"$(inherited)",
					"@executable_path/Frameworks",
					"@loader_path/Frameworks",
				);
				PRODUCT_BUNDLE_IDENTIFIER = yoshino.clothesSelectorUITests;
				PRODUCT_NAME = "$(TARGET_NAME)";
				SWIFT_VERSION = 4.0;
				TARGETED_DEVICE_FAMILY = "1,2";
				TEST_TARGET_NAME = clothesSelector;
			};
			name = Release;
		};
/* End XCBuildConfiguration section */

/* Begin XCConfigurationList section */
		0BC39FA020B59D41008102CE /* Build configuration list for PBXProject "clothesSelector" */ = {
			isa = XCConfigurationList;
			buildConfigurations = (
				0BC39FCB20B59D42008102CE /* Debug */,
				0BC39FCC20B59D42008102CE /* Release */,
			);
			defaultConfigurationIsVisible = 0;
			defaultConfigurationName = Release;
		};
		0BC39FCD20B59D42008102CE /* Build configuration list for PBXNativeTarget "clothesSelector" */ = {
			isa = XCConfigurationList;
			buildConfigurations = (
				0BC39FCE20B59D42008102CE /* Debug */,
				0BC39FCF20B59D42008102CE /* Release */,
			);
			defaultConfigurationIsVisible = 0;
			defaultConfigurationName = Release;
		};
		0BC39FD020B59D42008102CE /* Build configuration list for PBXNativeTarget "clothesSelectorTests" */ = {
			isa = XCConfigurationList;
			buildConfigurations = (
				0BC39FD120B59D42008102CE /* Debug */,
				0BC39FD220B59D42008102CE /* Release */,
			);
			defaultConfigurationIsVisible = 0;
			defaultConfigurationName = Release;
		};
		0BC39FD320B59D42008102CE /* Build configuration list for PBXNativeTarget "clothesSelectorUITests" */ = {
			isa = XCConfigurationList;
			buildConfigurations = (
				0BC39FD420B59D42008102CE /* Debug */,
				0BC39FD520B59D42008102CE /* Release */,
			);
			defaultConfigurationIsVisible = 0;
			defaultConfigurationName = Release;
		};
/* End XCConfigurationList section */
	};
	rootObject = 0BC39F9D20B59D41008102CE /* Project object */;
}
